// !$*UTF8*$!
{
	archiveVersion = 1;
	classes = {
	};
	objectVersion = 50;
	objects = {

/* Begin PBXBuildFile section */
		D949CF3D22E1B58B00D92258 /* ArtistCellViewController.swift in Sources */ = {isa = PBXBuildFile; fileRef = D949CF3C22E1B58B00D92258 /* ArtistCellViewController.swift */; };
		D949CF4122E1B5FF00D92258 /* ArtistCell.xib in Resources */ = {isa = PBXBuildFile; fileRef = D949CF4022E1B5FF00D92258 /* ArtistCell.xib */; };
		D955CD9922DF1C200045E204 /* TweetsViewController.swift in Sources */ = {isa = PBXBuildFile; fileRef = D955CD9822DF1C200045E204 /* TweetsViewController.swift */; };
		D955CD9D22DF1CB60045E204 /* ArtistsViewController.swift in Sources */ = {isa = PBXBuildFile; fileRef = D955CD9C22DF1CB60045E204 /* ArtistsViewController.swift */; };
		D955CD9F22DF1CDC0045E204 /* Artists.storyboard in Resources */ = {isa = PBXBuildFile; fileRef = D955CD9E22DF1CDC0045E204 /* Artists.storyboard */; };
		D955CDA122DF1D370045E204 /* MediaViewController.swift in Sources */ = {isa = PBXBuildFile; fileRef = D955CDA022DF1D370045E204 /* MediaViewController.swift */; };
		D955CDA322DF1D670045E204 /* Media.storyboard in Resources */ = {isa = PBXBuildFile; fileRef = D955CDA222DF1D670045E204 /* Media.storyboard */; };
		D955CDA522DF1D910045E204 /* LikesViewController.swift in Sources */ = {isa = PBXBuildFile; fileRef = D955CDA422DF1D910045E204 /* LikesViewController.swift */; };
		D955CDA722DF1DB00045E204 /* Likes.storyboard in Resources */ = {isa = PBXBuildFile; fileRef = D955CDA622DF1DB00045E204 /* Likes.storyboard */; };
		D955CDAB22DF33030045E204 /* Tweets.storyboard in Resources */ = {isa = PBXBuildFile; fileRef = D955CDAA22DF33030045E204 /* Tweets.storyboard */; };
		D95A233C22DC2116000BB119 /* AppDelegate.swift in Sources */ = {isa = PBXBuildFile; fileRef = D95A233B22DC2116000BB119 /* AppDelegate.swift */; };
		D95A233E22DC2116000BB119 /* FirstViewController.swift in Sources */ = {isa = PBXBuildFile; fileRef = D95A233D22DC2116000BB119 /* FirstViewController.swift */; };
		D95A234022DC2116000BB119 /* SecondViewController.swift in Sources */ = {isa = PBXBuildFile; fileRef = D95A233F22DC2116000BB119 /* SecondViewController.swift */; };
		D95A234322DC2116000BB119 /* Main.storyboard in Resources */ = {isa = PBXBuildFile; fileRef = D95A234122DC2116000BB119 /* Main.storyboard */; };
		D95A234522DC2117000BB119 /* Assets.xcassets in Resources */ = {isa = PBXBuildFile; fileRef = D95A234422DC2117000BB119 /* Assets.xcassets */; };
		D95A234822DC2117000BB119 /* LaunchScreen.storyboard in Resources */ = {isa = PBXBuildFile; fileRef = D95A234622DC2117000BB119 /* LaunchScreen.storyboard */; };
		D95A235022DC21CA000BB119 /* ThirdViewController.swift in Sources */ = {isa = PBXBuildFile; fileRef = D95A234F22DC21CA000BB119 /* ThirdViewController.swift */; };
		D95A235222DC25FF000BB119 /* FourthViewController.swift in Sources */ = {isa = PBXBuildFile; fileRef = D95A235122DC25FF000BB119 /* FourthViewController.swift */; };
		D95A235822DC2D23000BB119 /* First.storyboard in Resources */ = {isa = PBXBuildFile; fileRef = D95A235722DC2D23000BB119 /* First.storyboard */; };
		D95A235A22DC2DD6000BB119 /* Second.storyboard in Resources */ = {isa = PBXBuildFile; fileRef = D95A235922DC2DD6000BB119 /* Second.storyboard */; };
		D95A235C22DC2EF1000BB119 /* Third.storyboard in Resources */ = {isa = PBXBuildFile; fileRef = D95A235B22DC2EF1000BB119 /* Third.storyboard */; };
		D95A235E22DC2F4D000BB119 /* Fourth.storyboard in Resources */ = {isa = PBXBuildFile; fileRef = D95A235D22DC2F4D000BB119 /* Fourth.storyboard */; };
		D95A236122DC38FE000BB119 /* tweet.swift in Sources */ = {isa = PBXBuildFile; fileRef = D95A236022DC38FE000BB119 /* tweet.swift */; };
		D95A236322DC39FA000BB119 /* User.swift in Sources */ = {isa = PBXBuildFile; fileRef = D95A236222DC39FA000BB119 /* User.swift */; };
		D95A236522DC3EFB000BB119 /* Artist.swift in Sources */ = {isa = PBXBuildFile; fileRef = D95A236422DC3EFB000BB119 /* Artist.swift */; };
		D95A236D22DC6A67000BB119 /* ArtistDetailViewController.swift in Sources */ = {isa = PBXBuildFile; fileRef = D95A236C22DC6A67000BB119 /* ArtistDetailViewController.swift */; };
		D95A236F22DC6C2F000BB119 /* ArtistDetail.storyboard in Resources */ = {isa = PBXBuildFile; fileRef = D95A236E22DC6C2F000BB119 /* ArtistDetail.storyboard */; };
		D95A237222DC7342000BB119 /* TweetDetail.storyboard in Resources */ = {isa = PBXBuildFile; fileRef = D95A237122DC7342000BB119 /* TweetDetail.storyboard */; };
		D95A237422DC7350000BB119 /* TweetDetailViewController.swift in Sources */ = {isa = PBXBuildFile; fileRef = D95A237322DC7350000BB119 /* TweetDetailViewController.swift */; };
		D95A237722DC799F000BB119 /* ChatViewController.swift in Sources */ = {isa = PBXBuildFile; fileRef = D95A237622DC799F000BB119 /* ChatViewController.swift */; };
		D95A237922DC79C0000BB119 /* Chat.storyboard in Resources */ = {isa = PBXBuildFile; fileRef = D95A237822DC79C0000BB119 /* Chat.storyboard */; };
		D95A237B22DC7C10000BB119 /* Account.swift in Sources */ = {isa = PBXBuildFile; fileRef = D95A237A22DC7C10000BB119 /* Account.swift */; };
		D965440C22DE3025007D2FE8 /* NewTweet.storyboard in Resources */ = {isa = PBXBuildFile; fileRef = D965440B22DE3025007D2FE8 /* NewTweet.storyboard */; };
		D965440E22DE304A007D2FE8 /* NewTweetViewController.swift in Sources */ = {isa = PBXBuildFile; fileRef = D965440D22DE304A007D2FE8 /* NewTweetViewController.swift */; };
		D965441022DE3058007D2FE8 /* NotificationViewController.swift in Sources */ = {isa = PBXBuildFile; fileRef = D965440F22DE3058007D2FE8 /* NotificationViewController.swift */; };
		D965441222DE3061007D2FE8 /* Notification.storyboard in Resources */ = {isa = PBXBuildFile; fileRef = D965441122DE3061007D2FE8 /* Notification.storyboard */; };
		D9A04D9122DE0CF300592164 /* SettingViewController.swift in Sources */ = {isa = PBXBuildFile; fileRef = D9A04D9022DE0CF300592164 /* SettingViewController.swift */; };
		D9A04D9322DE0CFB00592164 /* Setting.storyboard in Resources */ = {isa = PBXBuildFile; fileRef = D9A04D9222DE0CFB00592164 /* Setting.storyboard */; };
		D9A04D9622DE120300592164 /* TimelineCellViewController.swift in Sources */ = {isa = PBXBuildFile; fileRef = D9A04D9522DE120300592164 /* TimelineCellViewController.swift */; };
		D9A04D9822DE121700592164 /* TimelineCell.xib in Resources */ = {isa = PBXBuildFile; fileRef = D9A04D9722DE121700592164 /* TimelineCell.xib */; };
		D9A04D9B22DE274800592164 /* CommentViewController.swift in Sources */ = {isa = PBXBuildFile; fileRef = D9A04D9A22DE274800592164 /* CommentViewController.swift */; };
		D9A04D9F22DE27BD00592164 /* Comment.storyboard in Resources */ = {isa = PBXBuildFile; fileRef = D9A04D9E22DE27BD00592164 /* Comment.storyboard */; };
		D9A9D6BF22E1C9600009CA0F /* Concert.swift in Sources */ = {isa = PBXBuildFile; fileRef = D9A9D6BE22E1C9600009CA0F /* Concert.swift */; };
		D9A9D6C122E1CB600009CA0F /* News.swift in Sources */ = {isa = PBXBuildFile; fileRef = D9A9D6C022E1CB600009CA0F /* News.swift */; };
		D9A9D6C522E1D9D40009CA0F /* ConcertViewController.swift in Sources */ = {isa = PBXBuildFile; fileRef = D9A9D6C422E1D9D40009CA0F /* ConcertViewController.swift */; };
		D9A9D6C722E1D9E20009CA0F /* Concert.storyboard in Resources */ = {isa = PBXBuildFile; fileRef = D9A9D6C622E1D9E20009CA0F /* Concert.storyboard */; };
		D9A9D6C922E1DA3E0009CA0F /* NewsViewController.swift in Sources */ = {isa = PBXBuildFile; fileRef = D9A9D6C822E1DA3E0009CA0F /* NewsViewController.swift */; };
		D9A9D6CB22E1DA610009CA0F /* News.storyboard in Resources */ = {isa = PBXBuildFile; fileRef = D9A9D6CA22E1DA610009CA0F /* News.storyboard */; };
		D9A9D6CE22E291080009CA0F /* MessageCell.xib in Resources */ = {isa = PBXBuildFile; fileRef = D9A9D6CD22E291080009CA0F /* MessageCell.xib */; };
		D9A9D6D022E291270009CA0F /* MessageCellViiewController.swift in Sources */ = {isa = PBXBuildFile; fileRef = D9A9D6CF22E291270009CA0F /* MessageCellViiewController.swift */; };
		D9A9D6D422E2B09C0009CA0F /* LeftBalloonViewController.swift in Sources */ = {isa = PBXBuildFile; fileRef = D9A9D6D322E2B09C0009CA0F /* LeftBalloonViewController.swift */; };
		D9A9D6D622E2B0C40009CA0F /* LeftBalloon.xib in Resources */ = {isa = PBXBuildFile; fileRef = D9A9D6D522E2B0C40009CA0F /* LeftBalloon.xib */; };
		D9A9D6D822E2B0F30009CA0F /* RightBalloonViewController.swift in Sources */ = {isa = PBXBuildFile; fileRef = D9A9D6D722E2B0F30009CA0F /* RightBalloonViewController.swift */; };
		D9A9D6DA22E2B1150009CA0F /* RightBalloon.xib in Resources */ = {isa = PBXBuildFile; fileRef = D9A9D6D922E2B1150009CA0F /* RightBalloon.xib */; };
/* End PBXBuildFile section */

/* Begin PBXFileReference section */
		D949CF3C22E1B58B00D92258 /* ArtistCellViewController.swift */ = {isa = PBXFileReference; lastKnownFileType = sourcecode.swift; path = ArtistCellViewController.swift; sourceTree = "<group>"; };
		D949CF4022E1B5FF00D92258 /* ArtistCell.xib */ = {isa = PBXFileReference; lastKnownFileType = file.xib; path = ArtistCell.xib; sourceTree = "<group>"; };
		D955CD9822DF1C200045E204 /* TweetsViewController.swift */ = {isa = PBXFileReference; lastKnownFileType = sourcecode.swift; path = TweetsViewController.swift; sourceTree = "<group>"; };
		D955CD9C22DF1CB60045E204 /* ArtistsViewController.swift */ = {isa = PBXFileReference; lastKnownFileType = sourcecode.swift; path = ArtistsViewController.swift; sourceTree = "<group>"; };
		D955CD9E22DF1CDC0045E204 /* Artists.storyboard */ = {isa = PBXFileReference; lastKnownFileType = file.storyboard; path = Artists.storyboard; sourceTree = "<group>"; };
		D955CDA022DF1D370045E204 /* MediaViewController.swift */ = {isa = PBXFileReference; lastKnownFileType = sourcecode.swift; path = MediaViewController.swift; sourceTree = "<group>"; };
		D955CDA222DF1D670045E204 /* Media.storyboard */ = {isa = PBXFileReference; lastKnownFileType = file.storyboard; path = Media.storyboard; sourceTree = "<group>"; };
		D955CDA422DF1D910045E204 /* LikesViewController.swift */ = {isa = PBXFileReference; lastKnownFileType = sourcecode.swift; path = LikesViewController.swift; sourceTree = "<group>"; };
		D955CDA622DF1DB00045E204 /* Likes.storyboard */ = {isa = PBXFileReference; lastKnownFileType = file.storyboard; path = Likes.storyboard; sourceTree = "<group>"; };
		D955CDAA22DF33030045E204 /* Tweets.storyboard */ = {isa = PBXFileReference; lastKnownFileType = file.storyboard; path = Tweets.storyboard; sourceTree = "<group>"; };
		D95A233822DC2116000BB119 /* tab.app */ = {isa = PBXFileReference; explicitFileType = wrapper.application; includeInIndex = 0; path = tab.app; sourceTree = BUILT_PRODUCTS_DIR; };
		D95A233B22DC2116000BB119 /* AppDelegate.swift */ = {isa = PBXFileReference; lastKnownFileType = sourcecode.swift; path = AppDelegate.swift; sourceTree = "<group>"; };
		D95A233D22DC2116000BB119 /* FirstViewController.swift */ = {isa = PBXFileReference; lastKnownFileType = sourcecode.swift; path = FirstViewController.swift; sourceTree = "<group>"; };
		D95A233F22DC2116000BB119 /* SecondViewController.swift */ = {isa = PBXFileReference; lastKnownFileType = sourcecode.swift; path = SecondViewController.swift; sourceTree = "<group>"; };
		D95A234222DC2116000BB119 /* Base */ = {isa = PBXFileReference; lastKnownFileType = file.storyboard; name = Base; path = Base.lproj/Main.storyboard; sourceTree = "<group>"; };
		D95A234422DC2117000BB119 /* Assets.xcassets */ = {isa = PBXFileReference; lastKnownFileType = folder.assetcatalog; path = Assets.xcassets; sourceTree = "<group>"; };
		D95A234722DC2117000BB119 /* Base */ = {isa = PBXFileReference; lastKnownFileType = file.storyboard; name = Base; path = Base.lproj/LaunchScreen.storyboard; sourceTree = "<group>"; };
		D95A234922DC2117000BB119 /* Info.plist */ = {isa = PBXFileReference; lastKnownFileType = text.plist.xml; path = Info.plist; sourceTree = "<group>"; };
		D95A234F22DC21CA000BB119 /* ThirdViewController.swift */ = {isa = PBXFileReference; lastKnownFileType = sourcecode.swift; path = ThirdViewController.swift; sourceTree = "<group>"; };
		D95A235122DC25FF000BB119 /* FourthViewController.swift */ = {isa = PBXFileReference; lastKnownFileType = sourcecode.swift; path = FourthViewController.swift; sourceTree = "<group>"; };
		D95A235722DC2D23000BB119 /* First.storyboard */ = {isa = PBXFileReference; lastKnownFileType = file.storyboard; path = First.storyboard; sourceTree = "<group>"; };
		D95A235922DC2DD6000BB119 /* Second.storyboard */ = {isa = PBXFileReference; lastKnownFileType = file.storyboard; path = Second.storyboard; sourceTree = "<group>"; };
		D95A235B22DC2EF1000BB119 /* Third.storyboard */ = {isa = PBXFileReference; lastKnownFileType = file.storyboard; path = Third.storyboard; sourceTree = "<group>"; };
		D95A235D22DC2F4D000BB119 /* Fourth.storyboard */ = {isa = PBXFileReference; lastKnownFileType = file.storyboard; path = Fourth.storyboard; sourceTree = "<group>"; };
		D95A236022DC38FE000BB119 /* tweet.swift */ = {isa = PBXFileReference; lastKnownFileType = sourcecode.swift; path = tweet.swift; sourceTree = "<group>"; };
		D95A236222DC39FA000BB119 /* User.swift */ = {isa = PBXFileReference; lastKnownFileType = sourcecode.swift; path = User.swift; sourceTree = "<group>"; };
		D95A236422DC3EFB000BB119 /* Artist.swift */ = {isa = PBXFileReference; lastKnownFileType = sourcecode.swift; path = Artist.swift; sourceTree = "<group>"; };
		D95A236C22DC6A67000BB119 /* ArtistDetailViewController.swift */ = {isa = PBXFileReference; lastKnownFileType = sourcecode.swift; path = ArtistDetailViewController.swift; sourceTree = "<group>"; };
		D95A236E22DC6C2F000BB119 /* ArtistDetail.storyboard */ = {isa = PBXFileReference; lastKnownFileType = file.storyboard; path = ArtistDetail.storyboard; sourceTree = "<group>"; };
		D95A237122DC7342000BB119 /* TweetDetail.storyboard */ = {isa = PBXFileReference; lastKnownFileType = file.storyboard; path = TweetDetail.storyboard; sourceTree = "<group>"; };
		D95A237322DC7350000BB119 /* TweetDetailViewController.swift */ = {isa = PBXFileReference; lastKnownFileType = sourcecode.swift; path = TweetDetailViewController.swift; sourceTree = "<group>"; };
		D95A237622DC799F000BB119 /* ChatViewController.swift */ = {isa = PBXFileReference; lastKnownFileType = sourcecode.swift; path = ChatViewController.swift; sourceTree = "<group>"; };
		D95A237822DC79C0000BB119 /* Chat.storyboard */ = {isa = PBXFileReference; lastKnownFileType = file.storyboard; path = Chat.storyboard; sourceTree = "<group>"; };
		D95A237A22DC7C10000BB119 /* Account.swift */ = {isa = PBXFileReference; lastKnownFileType = sourcecode.swift; path = Account.swift; sourceTree = "<group>"; };
		D965440B22DE3025007D2FE8 /* NewTweet.storyboard */ = {isa = PBXFileReference; lastKnownFileType = file.storyboard; path = NewTweet.storyboard; sourceTree = "<group>"; };
		D965440D22DE304A007D2FE8 /* NewTweetViewController.swift */ = {isa = PBXFileReference; lastKnownFileType = sourcecode.swift; path = NewTweetViewController.swift; sourceTree = "<group>"; };
		D965440F22DE3058007D2FE8 /* NotificationViewController.swift */ = {isa = PBXFileReference; lastKnownFileType = sourcecode.swift; path = NotificationViewController.swift; sourceTree = "<group>"; };
		D965441122DE3061007D2FE8 /* Notification.storyboard */ = {isa = PBXFileReference; lastKnownFileType = file.storyboard; path = Notification.storyboard; sourceTree = "<group>"; };
		D9A04D9022DE0CF300592164 /* SettingViewController.swift */ = {isa = PBXFileReference; lastKnownFileType = sourcecode.swift; path = SettingViewController.swift; sourceTree = "<group>"; };
		D9A04D9222DE0CFB00592164 /* Setting.storyboard */ = {isa = PBXFileReference; lastKnownFileType = file.storyboard; path = Setting.storyboard; sourceTree = "<group>"; };
		D9A04D9522DE120300592164 /* TimelineCellViewController.swift */ = {isa = PBXFileReference; lastKnownFileType = sourcecode.swift; path = TimelineCellViewController.swift; sourceTree = "<group>"; };
		D9A04D9722DE121700592164 /* TimelineCell.xib */ = {isa = PBXFileReference; lastKnownFileType = file.xib; path = TimelineCell.xib; sourceTree = "<group>"; };
		D9A04D9A22DE274800592164 /* CommentViewController.swift */ = {isa = PBXFileReference; lastKnownFileType = sourcecode.swift; path = CommentViewController.swift; sourceTree = "<group>"; };
		D9A04D9E22DE27BD00592164 /* Comment.storyboard */ = {isa = PBXFileReference; lastKnownFileType = file.storyboard; path = Comment.storyboard; sourceTree = "<group>"; };
		D9A9D6BE22E1C9600009CA0F /* Concert.swift */ = {isa = PBXFileReference; lastKnownFileType = sourcecode.swift; path = Concert.swift; sourceTree = "<group>"; };
		D9A9D6C022E1CB600009CA0F /* News.swift */ = {isa = PBXFileReference; lastKnownFileType = sourcecode.swift; path = News.swift; sourceTree = "<group>"; };
		D9A9D6C422E1D9D40009CA0F /* ConcertViewController.swift */ = {isa = PBXFileReference; lastKnownFileType = sourcecode.swift; path = ConcertViewController.swift; sourceTree = "<group>"; };
		D9A9D6C622E1D9E20009CA0F /* Concert.storyboard */ = {isa = PBXFileReference; lastKnownFileType = file.storyboard; path = Concert.storyboard; sourceTree = "<group>"; };
		D9A9D6C822E1DA3E0009CA0F /* NewsViewController.swift */ = {isa = PBXFileReference; lastKnownFileType = sourcecode.swift; path = NewsViewController.swift; sourceTree = "<group>"; };
		D9A9D6CA22E1DA610009CA0F /* News.storyboard */ = {isa = PBXFileReference; lastKnownFileType = file.storyboard; path = News.storyboard; sourceTree = "<group>"; };
		D9A9D6CD22E291080009CA0F /* MessageCell.xib */ = {isa = PBXFileReference; lastKnownFileType = file.xib; path = MessageCell.xib; sourceTree = "<group>"; };
		D9A9D6CF22E291270009CA0F /* MessageCellViiewController.swift */ = {isa = PBXFileReference; lastKnownFileType = sourcecode.swift; path = MessageCellViiewController.swift; sourceTree = "<group>"; };
		D9A9D6D322E2B09C0009CA0F /* LeftBalloonViewController.swift */ = {isa = PBXFileReference; lastKnownFileType = sourcecode.swift; path = LeftBalloonViewController.swift; sourceTree = "<group>"; };
		D9A9D6D522E2B0C40009CA0F /* LeftBalloon.xib */ = {isa = PBXFileReference; lastKnownFileType = file.xib; path = LeftBalloon.xib; sourceTree = "<group>"; };
		D9A9D6D722E2B0F30009CA0F /* RightBalloonViewController.swift */ = {isa = PBXFileReference; lastKnownFileType = sourcecode.swift; path = RightBalloonViewController.swift; sourceTree = "<group>"; };
		D9A9D6D922E2B1150009CA0F /* RightBalloon.xib */ = {isa = PBXFileReference; lastKnownFileType = file.xib; path = RightBalloon.xib; sourceTree = "<group>"; };
/* End PBXFileReference section */

/* Begin PBXFrameworksBuildPhase section */
		D95A233522DC2116000BB119 /* Frameworks */ = {
			isa = PBXFrameworksBuildPhase;
			buildActionMask = 2147483647;
			files = (
			);
			runOnlyForDeploymentPostprocessing = 0;
		};
/* End PBXFrameworksBuildPhase section */

/* Begin PBXGroup section */
		D949CF3B22E1B57700D92258 /* ArtistCell */ = {
			isa = PBXGroup;
			children = (
				D949CF3C22E1B58B00D92258 /* ArtistCellViewController.swift */,
				D949CF4022E1B5FF00D92258 /* ArtistCell.xib */,
			);
			path = ArtistCell;
			sourceTree = "<group>";
		};
		D955CD9422DF1B540045E204 /* Tweets */ = {
			isa = PBXGroup;
			children = (
				D955CD9822DF1C200045E204 /* TweetsViewController.swift */,
				D955CDAA22DF33030045E204 /* Tweets.storyboard */,
			);
			path = Tweets;
			sourceTree = "<group>";
		};
		D955CD9522DF1B820045E204 /* Artists */ = {
			isa = PBXGroup;
			children = (
				D955CD9C22DF1CB60045E204 /* ArtistsViewController.swift */,
				D955CD9E22DF1CDC0045E204 /* Artists.storyboard */,
			);
			path = Artists;
			sourceTree = "<group>";
		};
		D955CD9622DF1B9B0045E204 /* Media */ = {
			isa = PBXGroup;
			children = (
				D955CDA022DF1D370045E204 /* MediaViewController.swift */,
				D955CDA222DF1D670045E204 /* Media.storyboard */,
			);
			path = Media;
			sourceTree = "<group>";
		};
		D955CD9722DF1BA40045E204 /* Likes */ = {
			isa = PBXGroup;
			children = (
				D955CDA422DF1D910045E204 /* LikesViewController.swift */,
				D955CDA622DF1DB00045E204 /* Likes.storyboard */,
			);
			path = Likes;
			sourceTree = "<group>";
		};
		D95A232F22DC2116000BB119 = {
			isa = PBXGroup;
			children = (
				D95A233A22DC2116000BB119 /* tab */,
				D95A233922DC2116000BB119 /* Products */,
			);
			sourceTree = "<group>";
		};
		D95A233922DC2116000BB119 /* Products */ = {
			isa = PBXGroup;
			children = (
				D95A233822DC2116000BB119 /* tab.app */,
			);
			name = Products;
			sourceTree = "<group>";
		};
		D95A233A22DC2116000BB119 /* tab */ = {
			isa = PBXGroup;
			children = (
				D95A233B22DC2116000BB119 /* AppDelegate.swift */,
				D95A235322DC2CCD000BB119 /* Timeline */,
				D95A235422DC2CD8000BB119 /* Search */,
				D95A235522DC2CE9000BB119 /* Message */,
				D95A235622DC2CF5000BB119 /* MyPage */,
				D95A234122DC2116000BB119 /* Main.storyboard */,
				D95A234422DC2117000BB119 /* Assets.xcassets */,
				D95A234622DC2117000BB119 /* LaunchScreen.storyboard */,
				D95A234922DC2117000BB119 /* Info.plist */,
				D95A235F22DC38EA000BB119 /* Model */,
			);
			path = tab;
			sourceTree = "<group>";
		};
		D95A235322DC2CCD000BB119 /* Timeline */ = {
			isa = PBXGroup;
			children = (
				D965440A22DE300E007D2FE8 /* NewTweet */,
				D965440922DE3005007D2FE8 /* Notification */,
				D9A04D9422DE11EF00592164 /* TimelineCell */,
				D95A237022DC7332000BB119 /* TweetDetal */,
				D95A233D22DC2116000BB119 /* FirstViewController.swift */,
				D95A235722DC2D23000BB119 /* First.storyboard */,
			);
			path = Timeline;
			sourceTree = "<group>";
		};
		D95A235422DC2CD8000BB119 /* Search */ = {
			isa = PBXGroup;
			children = (
				D949CF3B22E1B57700D92258 /* ArtistCell */,
				D95A236622DC5FA6000BB119 /* ArtistDetail */,
				D95A233F22DC2116000BB119 /* SecondViewController.swift */,
				D95A235922DC2DD6000BB119 /* Second.storyboard */,
			);
			path = Search;
			sourceTree = "<group>";
		};
		D95A235522DC2CE9000BB119 /* Message */ = {
			isa = PBXGroup;
			children = (
				D9A9D6CC22E290F20009CA0F /* MessageCell */,
				D95A237522DC798C000BB119 /* Chat */,
				D95A234F22DC21CA000BB119 /* ThirdViewController.swift */,
				D95A235B22DC2EF1000BB119 /* Third.storyboard */,
			);
			path = Message;
			sourceTree = "<group>";
		};
		D95A235622DC2CF5000BB119 /* MyPage */ = {
			isa = PBXGroup;
			children = (
				D955CD9422DF1B540045E204 /* Tweets */,
				D955CD9522DF1B820045E204 /* Artists */,
				D955CD9622DF1B9B0045E204 /* Media */,
				D955CD9722DF1BA40045E204 /* Likes */,
				D9A04D8F22DE0CE500592164 /* Setting */,
				D95A235122DC25FF000BB119 /* FourthViewController.swift */,
				D95A235D22DC2F4D000BB119 /* Fourth.storyboard */,
			);
			path = MyPage;
			sourceTree = "<group>";
		};
		D95A235F22DC38EA000BB119 /* Model */ = {
			isa = PBXGroup;
			children = (
				D95A236022DC38FE000BB119 /* tweet.swift */,
				D95A236222DC39FA000BB119 /* User.swift */,
				D95A236422DC3EFB000BB119 /* Artist.swift */,
				D95A237A22DC7C10000BB119 /* Account.swift */,
				D9A9D6BE22E1C9600009CA0F /* Concert.swift */,
				D9A9D6C022E1CB600009CA0F /* News.swift */,
			);
			path = Model;
			sourceTree = "<group>";
		};
		D95A236622DC5FA6000BB119 /* ArtistDetail */ = {
			isa = PBXGroup;
			children = (
				D9A9D6C222E1D9B30009CA0F /* Concert */,
				D9A9D6C322E1D9BD0009CA0F /* News */,
				D95A236E22DC6C2F000BB119 /* ArtistDetail.storyboard */,
				D95A236C22DC6A67000BB119 /* ArtistDetailViewController.swift */,
			);
			path = ArtistDetail;
			sourceTree = "<group>";
		};
		D95A237022DC7332000BB119 /* TweetDetal */ = {
			isa = PBXGroup;
			children = (
				D95A237122DC7342000BB119 /* TweetDetail.storyboard */,
				D95A237322DC7350000BB119 /* TweetDetailViewController.swift */,
			);
			path = TweetDetal;
			sourceTree = "<group>";
		};
		D95A237522DC798C000BB119 /* Chat */ = {
			isa = PBXGroup;
			children = (
				D9A9D6D222E2B0890009CA0F /* LeftBalloon */,
				D9A9D6D122E2B07F0009CA0F /* RightBalloon */,
				D95A237622DC799F000BB119 /* ChatViewController.swift */,
				D95A237822DC79C0000BB119 /* Chat.storyboard */,
			);
			path = Chat;
			sourceTree = "<group>";
		};
		D965440922DE3005007D2FE8 /* Notification */ = {
			isa = PBXGroup;
			children = (
				D965440F22DE3058007D2FE8 /* NotificationViewController.swift */,
				D965441122DE3061007D2FE8 /* Notification.storyboard */,
			);
			path = Notification;
			sourceTree = "<group>";
		};
		D965440A22DE300E007D2FE8 /* NewTweet */ = {
			isa = PBXGroup;
			children = (
				D965440B22DE3025007D2FE8 /* NewTweet.storyboard */,
				D965440D22DE304A007D2FE8 /* NewTweetViewController.swift */,
			);
			path = NewTweet;
			sourceTree = "<group>";
		};
		D9A04D8F22DE0CE500592164 /* Setting */ = {
			isa = PBXGroup;
			children = (
				D9A04D9022DE0CF300592164 /* SettingViewController.swift */,
				D9A04D9222DE0CFB00592164 /* Setting.storyboard */,
			);
			path = Setting;
			sourceTree = "<group>";
		};
		D9A04D9422DE11EF00592164 /* TimelineCell */ = {
			isa = PBXGroup;
			children = (
				D9A04D9922DE273300592164 /* Comment */,
				D9A04D9522DE120300592164 /* TimelineCellViewController.swift */,
				D9A04D9722DE121700592164 /* TimelineCell.xib */,
			);
			path = TimelineCell;
			sourceTree = "<group>";
		};
		D9A04D9922DE273300592164 /* Comment */ = {
			isa = PBXGroup;
			children = (
				D9A04D9A22DE274800592164 /* CommentViewController.swift */,
				D9A04D9E22DE27BD00592164 /* Comment.storyboard */,
			);
			path = Comment;
			sourceTree = "<group>";
		};
		D9A9D6C222E1D9B30009CA0F /* Concert */ = {
			isa = PBXGroup;
			children = (
				D9A9D6C422E1D9D40009CA0F /* ConcertViewController.swift */,
				D9A9D6C622E1D9E20009CA0F /* Concert.storyboard */,
			);
			path = Concert;
			sourceTree = "<group>";
		};
		D9A9D6C322E1D9BD0009CA0F /* News */ = {
			isa = PBXGroup;
			children = (
				D9A9D6C822E1DA3E0009CA0F /* NewsViewController.swift */,
				D9A9D6CA22E1DA610009CA0F /* News.storyboard */,
			);
			path = News;
			sourceTree = "<group>";
		};
		D9A9D6CC22E290F20009CA0F /* MessageCell */ = {
			isa = PBXGroup;
			children = (
				D9A9D6CD22E291080009CA0F /* MessageCell.xib */,
				D9A9D6CF22E291270009CA0F /* MessageCellViiewController.swift */,
			);
			path = MessageCell;
			sourceTree = "<group>";
		};
		D9A9D6D122E2B07F0009CA0F /* RightBalloon */ = {
			isa = PBXGroup;
			children = (
				D9A9D6D722E2B0F30009CA0F /* RightBalloonViewController.swift */,
				D9A9D6D922E2B1150009CA0F /* RightBalloon.xib */,
			);
			path = RightBalloon;
			sourceTree = "<group>";
		};
		D9A9D6D222E2B0890009CA0F /* LeftBalloon */ = {
			isa = PBXGroup;
			children = (
				D9A9D6D322E2B09C0009CA0F /* LeftBalloonViewController.swift */,
				D9A9D6D522E2B0C40009CA0F /* LeftBalloon.xib */,
			);
			path = LeftBalloon;
			sourceTree = "<group>";
		};
/* End PBXGroup section */

/* Begin PBXNativeTarget section */
		D95A233722DC2116000BB119 /* tab */ = {
			isa = PBXNativeTarget;
			buildConfigurationList = D95A234C22DC2117000BB119 /* Build configuration list for PBXNativeTarget "tab" */;
			buildPhases = (
				D95A233422DC2116000BB119 /* Sources */,
				D95A233522DC2116000BB119 /* Frameworks */,
				D95A233622DC2116000BB119 /* Resources */,
			);
			buildRules = (
			);
			dependencies = (
			);
			name = tab;
			productName = tab;
			productReference = D95A233822DC2116000BB119 /* tab.app */;
			productType = "com.apple.product-type.application";
		};
/* End PBXNativeTarget section */

/* Begin PBXProject section */
		D95A233022DC2116000BB119 /* Project object */ = {
			isa = PBXProject;
			attributes = {
				LastSwiftUpdateCheck = 1020;
				LastUpgradeCheck = 1020;
				ORGANIZATIONNAME = "Masato TSUTSUMI";
				TargetAttributes = {
					D95A233722DC2116000BB119 = {
						CreatedOnToolsVersion = 10.2.1;
					};
				};
			};
			buildConfigurationList = D95A233322DC2116000BB119 /* Build configuration list for PBXProject "tab" */;
			compatibilityVersion = "Xcode 9.3";
			developmentRegion = en;
			hasScannedForEncodings = 0;
			knownRegions = (
				en,
				Base,
			);
			mainGroup = D95A232F22DC2116000BB119;
			productRefGroup = D95A233922DC2116000BB119 /* Products */;
			projectDirPath = "";
			projectRoot = "";
			targets = (
				D95A233722DC2116000BB119 /* tab */,
			);
		};
/* End PBXProject section */

/* Begin PBXResourcesBuildPhase section */
		D95A233622DC2116000BB119 /* Resources */ = {
			isa = PBXResourcesBuildPhase;
			buildActionMask = 2147483647;
			files = (
				D9A04D9822DE121700592164 /* TimelineCell.xib in Resources */,
				D955CDAB22DF33030045E204 /* Tweets.storyboard in Resources */,
				D955CD9F22DF1CDC0045E204 /* Artists.storyboard in Resources */,
				D95A236F22DC6C2F000BB119 /* ArtistDetail.storyboard in Resources */,
				D95A234822DC2117000BB119 /* LaunchScreen.storyboard in Resources */,
				D9A9D6CB22E1DA610009CA0F /* News.storyboard in Resources */,
				D9A9D6DA22E2B1150009CA0F /* RightBalloon.xib in Resources */,
				D95A237222DC7342000BB119 /* TweetDetail.storyboard in Resources */,
				D95A234522DC2117000BB119 /* Assets.xcassets in Resources */,
				D955CDA722DF1DB00045E204 /* Likes.storyboard in Resources */,
				D9A9D6C722E1D9E20009CA0F /* Concert.storyboard in Resources */,
				D9A9D6D622E2B0C40009CA0F /* LeftBalloon.xib in Resources */,
				D965441222DE3061007D2FE8 /* Notification.storyboard in Resources */,
				D95A234322DC2116000BB119 /* Main.storyboard in Resources */,
				D949CF4122E1B5FF00D92258 /* ArtistCell.xib in Resources */,
				D95A235E22DC2F4D000BB119 /* Fourth.storyboard in Resources */,
				D95A235A22DC2DD6000BB119 /* Second.storyboard in Resources */,
				D9A04D9F22DE27BD00592164 /* Comment.storyboard in Resources */,
				D95A235C22DC2EF1000BB119 /* Third.storyboard in Resources */,
				D965440C22DE3025007D2FE8 /* NewTweet.storyboard in Resources */,
				D95A237922DC79C0000BB119 /* Chat.storyboard in Resources */,
				D955CDA322DF1D670045E204 /* Media.storyboard in Resources */,
				D95A235822DC2D23000BB119 /* First.storyboard in Resources */,
				D9A04D9322DE0CFB00592164 /* Setting.storyboard in Resources */,
				D9A9D6CE22E291080009CA0F /* MessageCell.xib in Resources */,
			);
			runOnlyForDeploymentPostprocessing = 0;
		};
/* End PBXResourcesBuildPhase section */

/* Begin PBXSourcesBuildPhase section */
		D95A233422DC2116000BB119 /* Sources */ = {
			isa = PBXSourcesBuildPhase;
			buildActionMask = 2147483647;
			files = (
				D95A234022DC2116000BB119 /* SecondViewController.swift in Sources */,
				D949CF3D22E1B58B00D92258 /* ArtistCellViewController.swift in Sources */,
				D955CDA122DF1D370045E204 /* MediaViewController.swift in Sources */,
				D9A9D6BF22E1C9600009CA0F /* Concert.swift in Sources */,
				D95A236D22DC6A67000BB119 /* ArtistDetailViewController.swift in Sources */,
				D95A237722DC799F000BB119 /* ChatViewController.swift in Sources */,
				D955CD9D22DF1CB60045E204 /* ArtistsViewController.swift in Sources */,
				D95A236122DC38FE000BB119 /* tweet.swift in Sources */,
				D965440E22DE304A007D2FE8 /* NewTweetViewController.swift in Sources */,
				D95A233C22DC2116000BB119 /* AppDelegate.swift in Sources */,
				D9A04D9122DE0CF300592164 /* SettingViewController.swift in Sources */,
				D9A9D6D422E2B09C0009CA0F /* LeftBalloonViewController.swift in Sources */,
				D95A237B22DC7C10000BB119 /* Account.swift in Sources */,
				D95A235022DC21CA000BB119 /* ThirdViewController.swift in Sources */,
				D955CDA522DF1D910045E204 /* LikesViewController.swift in Sources */,
				D9A04D9B22DE274800592164 /* CommentViewController.swift in Sources */,
				D955CD9922DF1C200045E204 /* TweetsViewController.swift in Sources */,
				D95A233E22DC2116000BB119 /* FirstViewController.swift in Sources */,
				D9A9D6D022E291270009CA0F /* MessageCellViiewController.swift in Sources */,
				D95A235222DC25FF000BB119 /* FourthViewController.swift in Sources */,
				D9A9D6C122E1CB600009CA0F /* News.swift in Sources */,
				D9A9D6C922E1DA3E0009CA0F /* NewsViewController.swift in Sources */,
				D95A236522DC3EFB000BB119 /* Artist.swift in Sources */,
				D9A9D6C522E1D9D40009CA0F /* ConcertViewController.swift in Sources */,
				D9A9D6D822E2B0F30009CA0F /* RightBalloonViewController.swift in Sources */,
				D95A236322DC39FA000BB119 /* User.swift in Sources */,
				D965441022DE3058007D2FE8 /* NotificationViewController.swift in Sources */,
				D95A237422DC7350000BB119 /* TweetDetailViewController.swift in Sources */,
				D9A04D9622DE120300592164 /* TimelineCellViewController.swift in Sources */,
			);
			runOnlyForDeploymentPostprocessing = 0;
		};
/* End PBXSourcesBuildPhase section */

/* Begin PBXVariantGroup section */
		D95A234122DC2116000BB119 /* Main.storyboard */ = {
			isa = PBXVariantGroup;
			children = (
				D95A234222DC2116000BB119 /* Base */,
			);
			name = Main.storyboard;
			sourceTree = "<group>";
		};
		D95A234622DC2117000BB119 /* LaunchScreen.storyboard */ = {
			isa = PBXVariantGroup;
			children = (
				D95A234722DC2117000BB119 /* Base */,
			);
			name = LaunchScreen.storyboard;
			sourceTree = "<group>";
		};
/* End PBXVariantGroup section */

/* Begin XCBuildConfiguration section */
		D95A234A22DC2117000BB119 /* Debug */ = {
			isa = XCBuildConfiguration;
			buildSettings = {
				ALWAYS_SEARCH_USER_PATHS = NO;
				CLANG_ANALYZER_NONNULL = YES;
				CLANG_ANALYZER_NUMBER_OBJECT_CONVERSION = YES_AGGRESSIVE;
				CLANG_CXX_LANGUAGE_STANDARD = "gnu++14";
				CLANG_CXX_LIBRARY = "libc++";
				CLANG_ENABLE_MODULES = YES;
				CLANG_ENABLE_OBJC_ARC = YES;
				CLANG_ENABLE_OBJC_WEAK = YES;
				CLANG_WARN_BLOCK_CAPTURE_AUTORELEASING = YES;
				CLANG_WARN_BOOL_CONVERSION = YES;
				CLANG_WARN_COMMA = YES;
				CLANG_WARN_CONSTANT_CONVERSION = YES;
				CLANG_WARN_DEPRECATED_OBJC_IMPLEMENTATIONS = YES;
				CLANG_WARN_DIRECT_OBJC_ISA_USAGE = YES_ERROR;
				CLANG_WARN_DOCUMENTATION_COMMENTS = YES;
				CLANG_WARN_EMPTY_BODY = YES;
				CLANG_WARN_ENUM_CONVERSION = YES;
				CLANG_WARN_INFINITE_RECURSION = YES;
				CLANG_WARN_INT_CONVERSION = YES;
				CLANG_WARN_NON_LITERAL_NULL_CONVERSION = YES;
				CLANG_WARN_OBJC_IMPLICIT_RETAIN_SELF = YES;
				CLANG_WARN_OBJC_LITERAL_CONVERSION = YES;
				CLANG_WARN_OBJC_ROOT_CLASS = YES_ERROR;
				CLANG_WARN_RANGE_LOOP_ANALYSIS = YES;
				CLANG_WARN_STRICT_PROTOTYPES = YES;
				CLANG_WARN_SUSPICIOUS_MOVE = YES;
				CLANG_WARN_UNGUARDED_AVAILABILITY = YES_AGGRESSIVE;
				CLANG_WARN_UNREACHABLE_CODE = YES;
				CLANG_WARN__DUPLICATE_METHOD_MATCH = YES;
				CODE_SIGN_IDENTITY = "iPhone Developer";
				COPY_PHASE_STRIP = NO;
				DEBUG_INFORMATION_FORMAT = dwarf;
				ENABLE_STRICT_OBJC_MSGSEND = YES;
				ENABLE_TESTABILITY = YES;
				GCC_C_LANGUAGE_STANDARD = gnu11;
				GCC_DYNAMIC_NO_PIC = NO;
				GCC_NO_COMMON_BLOCKS = YES;
				GCC_OPTIMIZATION_LEVEL = 0;
				GCC_PREPROCESSOR_DEFINITIONS = (
					"DEBUG=1",
					"$(inherited)",
				);
				GCC_WARN_64_TO_32_BIT_CONVERSION = YES;
				GCC_WARN_ABOUT_RETURN_TYPE = YES_ERROR;
				GCC_WARN_UNDECLARED_SELECTOR = YES;
				GCC_WARN_UNINITIALIZED_AUTOS = YES_AGGRESSIVE;
				GCC_WARN_UNUSED_FUNCTION = YES;
				GCC_WARN_UNUSED_VARIABLE = YES;
				IPHONEOS_DEPLOYMENT_TARGET = 12.2;
				MTL_ENABLE_DEBUG_INFO = INCLUDE_SOURCE;
				MTL_FAST_MATH = YES;
				ONLY_ACTIVE_ARCH = YES;
				SDKROOT = iphoneos;
				SWIFT_ACTIVE_COMPILATION_CONDITIONS = DEBUG;
				SWIFT_OPTIMIZATION_LEVEL = "-Onone";
			};
			name = Debug;
		};
		D95A234B22DC2117000BB119 /* Release */ = {
			isa = XCBuildConfiguration;
			buildSettings = {
				ALWAYS_SEARCH_USER_PATHS = NO;
				CLANG_ANALYZER_NONNULL = YES;
				CLANG_ANALYZER_NUMBER_OBJECT_CONVERSION = YES_AGGRESSIVE;
				CLANG_CXX_LANGUAGE_STANDARD = "gnu++14";
				CLANG_CXX_LIBRARY = "libc++";
				CLANG_ENABLE_MODULES = YES;
				CLANG_ENABLE_OBJC_ARC = YES;
				CLANG_ENABLE_OBJC_WEAK = YES;
				CLANG_WARN_BLOCK_CAPTURE_AUTORELEASING = YES;
				CLANG_WARN_BOOL_CONVERSION = YES;
				CLANG_WARN_COMMA = YES;
				CLANG_WARN_CONSTANT_CONVERSION = YES;
				CLANG_WARN_DEPRECATED_OBJC_IMPLEMENTATIONS = YES;
				CLANG_WARN_DIRECT_OBJC_ISA_USAGE = YES_ERROR;
				CLANG_WARN_DOCUMENTATION_COMMENTS = YES;
				CLANG_WARN_EMPTY_BODY = YES;
				CLANG_WARN_ENUM_CONVERSION = YES;
				CLANG_WARN_INFINITE_RECURSION = YES;
				CLANG_WARN_INT_CONVERSION = YES;
				CLANG_WARN_NON_LITERAL_NULL_CONVERSION = YES;
				CLANG_WARN_OBJC_IMPLICIT_RETAIN_SELF = YES;
				CLANG_WARN_OBJC_LITERAL_CONVERSION = YES;
				CLANG_WARN_OBJC_ROOT_CLASS = YES_ERROR;
				CLANG_WARN_RANGE_LOOP_ANALYSIS = YES;
				CLANG_WARN_STRICT_PROTOTYPES = YES;
				CLANG_WARN_SUSPICIOUS_MOVE = YES;
				CLANG_WARN_UNGUARDED_AVAILABILITY = YES_AGGRESSIVE;
				CLANG_WARN_UNREACHABLE_CODE = YES;
				CLANG_WARN__DUPLICATE_METHOD_MATCH = YES;
				CODE_SIGN_IDENTITY = "iPhone Developer";
				COPY_PHASE_STRIP = NO;
				DEBUG_INFORMATION_FORMAT = "dwarf-with-dsym";
				ENABLE_NS_ASSERTIONS = NO;
				ENABLE_STRICT_OBJC_MSGSEND = YES;
				GCC_C_LANGUAGE_STANDARD = gnu11;
				GCC_NO_COMMON_BLOCKS = YES;
				GCC_WARN_64_TO_32_BIT_CONVERSION = YES;
				GCC_WARN_ABOUT_RETURN_TYPE = YES_ERROR;
				GCC_WARN_UNDECLARED_SELECTOR = YES;
				GCC_WARN_UNINITIALIZED_AUTOS = YES_AGGRESSIVE;
				GCC_WARN_UNUSED_FUNCTION = YES;
				GCC_WARN_UNUSED_VARIABLE = YES;
				IPHONEOS_DEPLOYMENT_TARGET = 12.2;
				MTL_ENABLE_DEBUG_INFO = NO;
				MTL_FAST_MATH = YES;
				SDKROOT = iphoneos;
				SWIFT_COMPILATION_MODE = wholemodule;
				SWIFT_OPTIMIZATION_LEVEL = "-O";
				VALIDATE_PRODUCT = YES;
			};
			name = Release;
		};
		D95A234D22DC2117000BB119 /* Debug */ = {
			isa = XCBuildConfiguration;
			buildSettings = {
				ASSETCATALOG_COMPILER_APPICON_NAME = AppIcon;
				CODE_SIGN_STYLE = Automatic;
				DEVELOPMENT_TEAM = 6WL9GUCS6V;
				INFOPLIST_FILE = tab/Info.plist;
				LD_RUNPATH_SEARCH_PATHS = (
					"$(inherited)",
					"@executable_path/Frameworks",
				);
				PRODUCT_BUNDLE_IDENTIFIER = masatsch.tab;
				PRODUCT_NAME = "$(TARGET_NAME)";
				SWIFT_VERSION = 5.0;
				TARGETED_DEVICE_FAMILY = "1,2";
			};
			name = Debug;
		};
		D95A234E22DC2117000BB119 /* Release */ = {
			isa = XCBuildConfiguration;
			buildSettings = {
				ASSETCATALOG_COMPILER_APPICON_NAME = AppIcon;
				CODE_SIGN_STYLE = Automatic;
				DEVELOPMENT_TEAM = 6WL9GUCS6V;
				INFOPLIST_FILE = tab/Info.plist;
				LD_RUNPATH_SEARCH_PATHS = (
					"$(inherited)",
					"@executable_path/Frameworks",
				);
				PRODUCT_BUNDLE_IDENTIFIER = masatsch.tab;
				PRODUCT_NAME = "$(TARGET_NAME)";
				SWIFT_VERSION = 5.0;
				TARGETED_DEVICE_FAMILY = "1,2";
			};
			name = Release;
		};
/* End XCBuildConfiguration section */

/* Begin XCConfigurationList section */
		D95A233322DC2116000BB119 /* Build configuration list for PBXProject "tab" */ = {
			isa = XCConfigurationList;
			buildConfigurations = (
				D95A234A22DC2117000BB119 /* Debug */,
				D95A234B22DC2117000BB119 /* Release */,
			);
			defaultConfigurationIsVisible = 0;
			defaultConfigurationName = Release;
		};
		D95A234C22DC2117000BB119 /* Build configuration list for PBXNativeTarget "tab" */ = {
			isa = XCConfigurationList;
			buildConfigurations = (
				D95A234D22DC2117000BB119 /* Debug */,
				D95A234E22DC2117000BB119 /* Release */,
			);
			defaultConfigurationIsVisible = 0;
			defaultConfigurationName = Release;
		};
/* End XCConfigurationList section */
	};
	rootObject = D95A233022DC2116000BB119 /* Project object */;
}
